
Microsoft Visual Studio Solution File, Format Version 12.00
# Visual Studio Version 16
VisualStudioVersion = 16.0.29926.136
MinimumVisualStudioVersion = 10.0.40219.1
Project("{9A19103F-16F7-4668-BE54-9A1E7A4F7556}") = "UnitConverter", "UnitConverter\UnitConverter.csproj", "{39A1A0AD-1CEB-4634-BED7-E516F36F76B6}"
EndProject
Project("{FAE04EC0-301F-11D3-BF4B-00C04F79EFBC}") = "UnitConverter.Tests", "..\tests\UnitConverter.Tests\UnitConverter.Tests.csproj", "{C76737C5-5655-4477-B007-2C429F7F6C2C}"
EndProject
Project("{9A19103F-16F7-4668-BE54-9A1E7A4F7556}") = "UnitConverter.ViewModel", "UnitConverter.ViewModel\UnitConverter.ViewModel.csproj", "{79A05D51-70F6-4A4D-B520-EAC1A9EDBFA4}"
EndProject
Project("{FAE04EC0-301F-11D3-BF4B-00C04F79EFBC}") = "UnitConverter.View.Wpf", "UnitConverter.View.Wpf\UnitConverter.View.Wpf.csproj", "{581A713C-FCBB-41FD-9B5C-724CB1AE7263}"
EndProject
Project("{FAE04EC0-301F-11D3-BF4B-00C04F79EFBC}") = "UnitConverter.View.Xamarin.Android", "UnitConverter.View.Xamarin\UnitConverter.View.Xamarin.Android\UnitConverter.View.Xamarin.Android.csproj", "{AAFEBCE1-BA7B-4386-A2E1-32199331270B}"
EndProject
Project("{FAE04EC0-301F-11D3-BF4B-00C04F79EFBC}") = "UnitConverter.View.Xamarin.iOS", "UnitConverter.View.Xamarin\UnitConverter.View.Xamarin.iOS\UnitConverter.View.Xamarin.iOS.csproj", "{FCD379C4-4182-4C5A-8213-E5DEE4E7D52D}"
EndProject
Project("{FAE04EC0-301F-11D3-BF4B-00C04F79EFBC}") = "UnitConverter.View.Xamarin", "UnitConverter.View.Xamarin\UnitConverter.View.Xamarin\UnitConverter.View.Xamarin.csproj", "{F5F31D77-3E7A-48C3-801B-15CE06313C3F}"
EndProject
Global
	GlobalSection(SolutionConfigurationPlatforms) = preSolution
		Debug|Any CPU = Debug|Any CPU
		Debug|iPhone = Debug|iPhone
		Debug|iPhoneSimulator = Debug|iPhoneSimulator
		Release|Any CPU = Release|Any CPU
		Release|iPhone = Release|iPhone
		Release|iPhoneSimulator = Release|iPhoneSimulator
	EndGlobalSection
	GlobalSection(ProjectConfigurationPlatforms) = postSolution
		{39A1A0AD-1CEB-4634-BED7-E516F36F76B6}.Debug|Any CPU.ActiveCfg = Debug|Any CPU
		{39A1A0AD-1CEB-4634-BED7-E516F36F76B6}.Debug|Any CPU.Build.0 = Debug|Any CPU
		{39A1A0AD-1CEB-4634-BED7-E516F36F76B6}.Debug|iPhone.ActiveCfg = Debug|Any CPU
		{39A1A0AD-1CEB-4634-BED7-E516F36F76B6}.Debug|iPhone.Build.0 = Debug|Any CPU
		{39A1A0AD-1CEB-4634-BED7-E516F36F76B6}.Debug|iPhoneSimulator.ActiveCfg = Debug|Any CPU
		{39A1A0AD-1CEB-4634-BED7-E516F36F76B6}.Debug|iPhoneSimulator.Build.0 = Debug|Any CPU
		{39A1A0AD-1CEB-4634-BED7-E516F36F76B6}.Release|Any CPU.ActiveCfg = Release|Any CPU
		{39A1A0AD-1CEB-4634-BED7-E516F36F76B6}.Release|Any CPU.Build.0 = Release|Any CPU
		{39A1A0AD-1CEB-4634-BED7-E516F36F76B6}.Release|iPhone.ActiveCfg = Release|Any CPU
		{39A1A0AD-1CEB-4634-BED7-E516F36F76B6}.Release|iPhone.Build.0 = Release|Any CPU
		{39A1A0AD-1CEB-4634-BED7-E516F36F76B6}.Release|iPhoneSimulator.ActiveCfg = Release|Any CPU
		{39A1A0AD-1CEB-4634-BED7-E516F36F76B6}.Release|iPhoneSimulator.Build.0 = Release|Any CPU
		{C76737C5-5655-4477-B007-2C429F7F6C2C}.Debug|Any CPU.ActiveCfg = Debug|Any CPU
		{C76737C5-5655-4477-B007-2C429F7F6C2C}.Debug|Any CPU.Build.0 = Debug|Any CPU
		{C76737C5-5655-4477-B007-2C429F7F6C2C}.Debug|iPhone.ActiveCfg = Debug|Any CPU
		{C76737C5-5655-4477-B007-2C429F7F6C2C}.Debug|iPhone.Build.0 = Debug|Any CPU
		{C76737C5-5655-4477-B007-2C429F7F6C2C}.Debug|iPhoneSimulator.ActiveCfg = Debug|Any CPU
		{C76737C5-5655-4477-B007-2C429F7F6C2C}.Debug|iPhoneSimulator.Build.0 = Debug|Any CPU
		{C76737C5-5655-4477-B007-2C429F7F6C2C}.Release|Any CPU.ActiveCfg = Release|Any CPU
		{C76737C5-5655-4477-B007-2C429F7F6C2C}.Release|Any CPU.Build.0 = Release|Any CPU
		{C76737C5-5655-4477-B007-2C429F7F6C2C}.Release|iPhone.ActiveCfg = Release|Any CPU
		{C76737C5-5655-4477-B007-2C429F7F6C2C}.Release|iPhone.Build.0 = Release|Any CPU
		{C76737C5-5655-4477-B007-2C429F7F6C2C}.Release|iPhoneSimulator.ActiveCfg = Release|Any CPU
		{C76737C5-5655-4477-B007-2C429F7F6C2C}.Release|iPhoneSimulator.Build.0 = Release|Any CPU
		{79A05D51-70F6-4A4D-B520-EAC1A9EDBFA4}.Debug|Any CPU.ActiveCfg = Debug|Any CPU
		{79A05D51-70F6-4A4D-B520-EAC1A9EDBFA4}.Debug|Any CPU.Build.0 = Debug|Any CPU
		{79A05D51-70F6-4A4D-B520-EAC1A9EDBFA4}.Debug|iPhone.ActiveCfg = Debug|Any CPU
		{79A05D51-70F6-4A4D-B520-EAC1A9EDBFA4}.Debug|iPhone.Build.0 = Debug|Any CPU
		{79A05D51-70F6-4A4D-B520-EAC1A9EDBFA4}.Debug|iPhoneSimulator.ActiveCfg = Debug|Any CPU
		{79A05D51-70F6-4A4D-B520-EAC1A9EDBFA4}.Debug|iPhoneSimulator.Build.0 = Debug|Any CPU
		{79A05D51-70F6-4A4D-B520-EAC1A9EDBFA4}.Release|Any CPU.ActiveCfg = Release|Any CPU
		{79A05D51-70F6-4A4D-B520-EAC1A9EDBFA4}.Release|Any CPU.Build.0 = Release|Any CPU
		{79A05D51-70F6-4A4D-B520-EAC1A9EDBFA4}.Release|iPhone.ActiveCfg = Release|Any CPU
		{79A05D51-70F6-4A4D-B520-EAC1A9EDBFA4}.Release|iPhone.Build.0 = Release|Any CPU
		{79A05D51-70F6-4A4D-B520-EAC1A9EDBFA4}.Release|iPhoneSimulator.ActiveCfg = Release|Any CPU
		{79A05D51-70F6-4A4D-B520-EAC1A9EDBFA4}.Release|iPhoneSimulator.Build.0 = Release|Any CPU
		{581A713C-FCBB-41FD-9B5C-724CB1AE7263}.Debug|Any CPU.ActiveCfg = Debug|Any CPU
		{581A713C-FCBB-41FD-9B5C-724CB1AE7263}.Debug|Any CPU.Build.0 = Debug|Any CPU
		{581A713C-FCBB-41FD-9B5C-724CB1AE7263}.Debug|iPhone.ActiveCfg = Debug|Any CPU
		{581A713C-FCBB-41FD-9B5C-724CB1AE7263}.Debug|iPhone.Build.0 = Debug|Any CPU
		{581A713C-FCBB-41FD-9B5C-724CB1AE7263}.Debug|iPhoneSimulator.ActiveCfg = Debug|Any CPU
		{581A713C-FCBB-41FD-9B5C-724CB1AE7263}.Debug|iPhoneSimulator.Build.0 = Debug|Any CPU
		{581A713C-FCBB-41FD-9B5C-724CB1AE7263}.Release|Any CPU.ActiveCfg = Release|Any CPU
		{581A713C-FCBB-41FD-9B5C-724CB1AE7263}.Release|Any CPU.Build.0 = Release|Any CPU
		{581A713C-FCBB-41FD-9B5C-724CB1AE7263}.Release|iPhone.ActiveCfg = Release|Any CPU
		{581A713C-FCBB-41FD-9B5C-724CB1AE7263}.Release|iPhone.Build.0 = Release|Any CPU
		{581A713C-FCBB-41FD-9B5C-724CB1AE7263}.Release|iPhoneSimulator.ActiveCfg = Release|Any CPU
		{581A713C-FCBB-41FD-9B5C-724CB1AE7263}.Release|iPhoneSimulator.Build.0 = Release|Any CPU
		{AAFEBCE1-BA7B-4386-A2E1-32199331270B}.Debug|Any CPU.ActiveCfg = Debug|Any CPU
		{AAFEBCE1-BA7B-4386-A2E1-32199331270B}.Debug|Any CPU.Build.0 = Debug|Any CPU
		{AAFEBCE1-BA7B-4386-A2E1-32199331270B}.Debug|Any CPU.Deploy.0 = Debug|Any CPU
		{AAFEBCE1-BA7B-4386-A2E1-32199331270B}.Debug|iPhone.ActiveCfg = Debug|Any CPU
		{AAFEBCE1-BA7B-4386-A2E1-32199331270B}.Debug|iPhone.Build.0 = Debug|Any CPU
		{AAFEBCE1-BA7B-4386-A2E1-32199331270B}.Debug|iPhone.Deploy.0 = Debug|Any CPU
		{AAFEBCE1-BA7B-4386-A2E1-32199331270B}.Debug|iPhoneSimulator.ActiveCfg = Debug|Any CPU
		{AAFEBCE1-BA7B-4386-A2E1-32199331270B}.Debug|iPhoneSimulator.Build.0 = Debug|Any CPU
		{AAFEBCE1-BA7B-4386-A2E1-32199331270B}.Debug|iPhoneSimulator.Deploy.0 = Debug|Any CPU
		{AAFEBCE1-BA7B-4386-A2E1-32199331270B}.Release|Any CPU.ActiveCfg = Release|Any CPU
		{AAFEBCE1-BA7B-4386-A2E1-32199331270B}.Release|Any CPU.Build.0 = Release|Any CPU
		{AAFEBCE1-BA7B-4386-A2E1-32199331270B}.Release|Any CPU.Deploy.0 = Release|Any CPU
		{AAFEBCE1-BA7B-4386-A2E1-32199331270B}.Release|iPhone.ActiveCfg = Release|Any CPU
		{AAFEBCE1-BA7B-4386-A2E1-32199331270B}.Release|iPhone.Build.0 = Release|Any CPU
		{AAFEBCE1-BA7B-4386-A2E1-32199331270B}.Release|iPhone.Deploy.0 = Release|Any CPU
		{AAFEBCE1-BA7B-4386-A2E1-32199331270B}.Release|iPhoneSimulator.ActiveCfg = Release|Any CPU
		{AAFEBCE1-BA7B-4386-A2E1-32199331270B}.Release|iPhoneSimulator.Build.0 = Release|Any CPU
		{AAFEBCE1-BA7B-4386-A2E1-32199331270B}.Release|iPhoneSimulator.Deploy.0 = Release|Any CPU
		{FCD379C4-4182-4C5A-8213-E5DEE4E7D52D}.Debug|Any CPU.ActiveCfg = Debug|iPhone
		{FCD379C4-4182-4C5A-8213-E5DEE4E7D52D}.Debug|iPhone.ActiveCfg = Debug|iPhone
		{FCD379C4-4182-4C5A-8213-E5DEE4E7D52D}.Debug|iPhone.Build.0 = Debug|iPhone
		{FCD379C4-4182-4C5A-8213-E5DEE4E7D52D}.Debug|iPhoneSimulator.ActiveCfg = Debug|iPhoneSimulator
		{FCD379C4-4182-4C5A-8213-E5DEE4E7D52D}.Debug|iPhoneSimulator.Build.0 = Debug|iPhoneSimulator
		{FCD379C4-4182-4C5A-8213-E5DEE4E7D52D}.Release|Any CPU.ActiveCfg = Release|iPhone
		{FCD379C4-4182-4C5A-8213-E5DEE4E7D52D}.Release|iPhone.ActiveCfg = Release|iPhone
		{FCD379C4-4182-4C5A-8213-E5DEE4E7D52D}.Release|iPhone.Build.0 = Release|iPhone
		{FCD379C4-4182-4C5A-8213-E5DEE4E7D52D}.Release|iPhoneSimulator.ActiveCfg = Release|iPhoneSimulator
		{FCD379C4-4182-4C5A-8213-E5DEE4E7D52D}.Release|iPhoneSimulator.Build.0 = Release|iPhoneSimulator
		{F5F31D77-3E7A-48C3-801B-15CE06313C3F}.Debug|Any CPU.ActiveCfg = Debug|Any CPU
		{F5F31D77-3E7A-48C3-801B-15CE06313C3F}.Debug|Any CPU.Build.0 = Debug|Any CPU
		{F5F31D77-3E7A-48C3-801B-15CE06313C3F}.Debug|iPhone.ActiveCfg = Debug|Any CPU
		{F5F31D77-3E7A-48C3-801B-15CE06313C3F}.Debug|iPhone.Build.0 = Debug|Any CPU
		{F5F31D77-3E7A-48C3-801B-15CE06313C3F}.Debug|iPhoneSimulator.ActiveCfg = Debug|Any CPU
		{F5F31D77-3E7A-48C3-801B-15CE06313C3F}.Debug|iPhoneSimulator.Build.0 = Debug|Any CPU
		{F5F31D77-3E7A-48C3-801B-15CE06313C3F}.Release|Any CPU.ActiveCfg = Release|Any CPU
		{F5F31D77-3E7A-48C3-801B-15CE06313C3F}.Release|Any CPU.Build.0 = Release|Any CPU
		{F5F31D77-3E7A-48C3-801B-15CE06313C3F}.Release|iPhone.ActiveCfg = Release|Any CPU
		{F5F31D77-3E7A-48C3-801B-15CE06313C3F}.Release|iPhone.Build.0 = Release|Any CPU
		{F5F31D77-3E7A-48C3-801B-15CE06313C3F}.Release|iPhoneSimulator.ActiveCfg = Release|Any CPU
		{F5F31D77-3E7A-48C3-801B-15CE06313C3F}.Release|iPhoneSimulator.Build.0 = Release|Any CPU
	EndGlobalSection
	GlobalSection(SolutionProperties) = preSolution
		HideSolutionNode = FALSE
	EndGlobalSection
	GlobalSection(ExtensibilityGlobals) = postSolution
		SolutionGuid = {AF33C5B4-5E6D-4AD7-986A-2465B4E25884}
	EndGlobalSection
EndGlobal
